
Microsoft Visual Studio Solution File, Format Version 12.00
# Visual Studio Version 17
VisualStudioVersion = 17.8.34316.72
MinimumVisualStudioVersion = 10.0.40219.1
Project("{FAE04EC0-301F-11D3-BF4B-00C04F79EFBC}") = "Practical1", "Practical1.csproj", "{3C1755FE-7839-49EA-B10F-76E06ED8C0D8}"
EndProject
Global
	GlobalSection(SolutionConfigurationPlatforms) = preSolution
		Debug|Any CPU = Debug|Any CPU
		Release|Any CPU = Release|Any CPU
	EndGlobalSection
	GlobalSection(ProjectConfigurationPlatforms) = postSolution
		{3C1755FE-7839-49EA-B10F-76E06ED8C0D8}.Debug|Any CPU.ActiveCfg = Debug|Any CPU
		{3C1755FE-7839-49EA-B10F-76E06ED8C0D8}.Debug|Any CPU.Build.0 = Debug|Any CPU
		{3C1755FE-7839-49EA-B10F-76E06ED8C0D8}.Release|Any CPU.ActiveCfg = Release|Any CPU
		{3C1755FE-7839-49EA-B10F-76E06ED8C0D8}.Release|Any CPU.Build.0 = Release|Any CPU
	EndGlobalSection
	GlobalSection(SolutionProperties) = preSolution
		HideSolutionNode = FALSE
	EndGlobalSection
	GlobalSection(ExtensibilityGlobals) = postSolution
		SolutionGuid = {8F011A34-4932-46AA-9E92-5BC1E55054A2}
	EndGlobalSection
EndGlobal
